
Microsoft Visual Studio Solution File, Format Version 12.00
# Visual Studio Version 16
VisualStudioVersion = 16.0.30907.101
MinimumVisualStudioVersion = 10.0.40219.1
Project("{F2A71F9B-5D33-465A-A702-920D77279786}") = "FSharpAndroidList", "FSharpAndroidList\FSharpAndroidList.fsproj", "{B8FF178D-F047-4F10-ACD7-AF5FA1B36E34}"
EndProject
Global
	GlobalSection(SolutionConfigurationPlatforms) = preSolution
		Debug|Any CPU = Debug|Any CPU
		Release|Any CPU = Release|Any CPU
	EndGlobalSection
	GlobalSection(ProjectConfigurationPlatforms) = postSolution
		{B8FF178D-F047-4F10-ACD7-AF5FA1B36E34}.Debug|Any CPU.ActiveCfg = Debug|Any CPU
		{B8FF178D-F047-4F10-ACD7-AF5FA1B36E34}.Debug|Any CPU.Build.0 = Debug|Any CPU
		{B8FF178D-F047-4F10-ACD7-AF5FA1B36E34}.Debug|Any CPU.Deploy.0 = Debug|Any CPU
		{B8FF178D-F047-4F10-ACD7-AF5FA1B36E34}.Release|Any CPU.ActiveCfg = Release|Any CPU
		{B8FF178D-F047-4F10-ACD7-AF5FA1B36E34}.Release|Any CPU.Build.0 = Release|Any CPU
		{B8FF178D-F047-4F10-ACD7-AF5FA1B36E34}.Release|Any CPU.Deploy.0 = Release|Any CPU
	EndGlobalSection
	GlobalSection(SolutionProperties) = preSolution
		HideSolutionNode = FALSE
	EndGlobalSection
	GlobalSection(ExtensibilityGlobals) = postSolution
		SolutionGuid = {0FA27926-FFDB-4764-9116-F2F586A308C5}
	EndGlobalSection
EndGlobal
